
Microsoft Visual Studio Solution File, Format Version 11.00
# Visual Basic Express 2010
Project("{F184B08F-C81C-45F6-A57F-5ABD9991F28F}") = "calculator", "calculator\calculator.vbproj", "{DEEF869B-7A8B-4CA4-AD2C-DA012436ABF9}"
EndProject
Global
	GlobalSection(SolutionConfigurationPlatforms) = preSolution
		Debug|x86 = Debug|x86
		Release|x86 = Release|x86
	EndGlobalSection
	GlobalSection(ProjectConfigurationPlatforms) = postSolution
		{DEEF869B-7A8B-4CA4-AD2C-DA012436ABF9}.Debug|x86.ActiveCfg = Debug|x86
		{DEEF869B-7A8B-4CA4-AD2C-DA012436ABF9}.Debug|x86.Build.0 = Debug|x86
		{DEEF869B-7A8B-4CA4-AD2C-DA012436ABF9}.Release|x86.ActiveCfg = Release|x86
		{DEEF869B-7A8B-4CA4-AD2C-DA012436ABF9}.Release|x86.Build.0 = Release|x86
	EndGlobalSection
	GlobalSection(SolutionProperties) = preSolution
		HideSolutionNode = FALSE
	EndGlobalSection
EndGlobal
